// !$*UTF8*$!
{
	archiveVersion = 1;
	classes = {
	};
	objectVersion = 50;
	objects = {

/* Begin PBXBuildFile section */
		A30E506022EB15B800540A56 /* VideoInfo.swift in Sources */ = {isa = PBXBuildFile; fileRef = A30E505F22EB15B800540A56 /* VideoInfo.swift */; };
		A30E506222EB170000540A56 /* Define.swift in Sources */ = {isa = PBXBuildFile; fileRef = A30E506122EB170000540A56 /* Define.swift */; };
		A30E508E22EB189200540A56 /* snapchat_prize_loop_480_sound.mp4 in Resources */ = {isa = PBXBuildFile; fileRef = A30E506322EB189000540A56 /* snapchat_prize_loop_480_sound.mp4 */; };
		A30E508F22EB189200540A56 /* schematics_prize_push_480_sound.mp4 in Resources */ = {isa = PBXBuildFile; fileRef = A30E506422EB189000540A56 /* schematics_prize_push_480_sound.mp4 */; };
		A30E509022EB189200540A56 /* lock_instagram_prize_loop_480_sound.mp4 in Resources */ = {isa = PBXBuildFile; fileRef = A30E506522EB189000540A56 /* lock_instagram_prize_loop_480_sound.mp4 */; };
		A30E509122EB189200540A56 /* story_prize_gaia_indiegogo_480_sound.mp4 in Resources */ = {isa = PBXBuildFile; fileRef = A30E506622EB189000540A56 /* story_prize_gaia_indiegogo_480_sound.mp4 */; };
		A30E509222EB189200540A56 /* schematics_prize_gaia_indiegogo_480_sound.mp4 in Resources */ = {isa = PBXBuildFile; fileRef = A30E506722EB189000540A56 /* schematics_prize_gaia_indiegogo_480_sound.mp4 */; };
		A30E509322EB189200540A56 /* lock_instagram_prize_gaia_indiegogo_480_sound.mp4 in Resources */ = {isa = PBXBuildFile; fileRef = A30E506822EB189000540A56 /* lock_instagram_prize_gaia_indiegogo_480_sound.mp4 */; };
		A30E509422EB189200540A56 /* story_prize_push_480_sound.mp4 in Resources */ = {isa = PBXBuildFile; fileRef = A30E506922EB189000540A56 /* story_prize_push_480_sound.mp4 */; };
		A30E509522EB189200540A56 /* story_prize_loop_480_sound.mp4 in Resources */ = {isa = PBXBuildFile; fileRef = A30E506A22EB189000540A56 /* story_prize_loop_480_sound.mp4 */; };
		A30E509622EB189200540A56 /* instagram_prize_swipe_to_schematics_480_sound.mp4 in Resources */ = {isa = PBXBuildFile; fileRef = A30E506B22EB189000540A56 /* instagram_prize_swipe_to_schematics_480_sound.mp4 */; };
		A30E509722EB189200540A56 /* lock_instagram_prize_swipe_to_lock_schematics_480_sound.mp4 in Resources */ = {isa = PBXBuildFile; fileRef = A30E506C22EB189000540A56 /* lock_instagram_prize_swipe_to_lock_schematics_480_sound.mp4 */; };
		A30E509822EB189200540A56 /* lock_schematics_prize_swipe_to_lock_story_480_sound.mp4 in Resources */ = {isa = PBXBuildFile; fileRef = A30E506D22EB189000540A56 /* lock_schematics_prize_swipe_to_lock_story_480_sound.mp4 */; };
		A30E509922EB189200540A56 /* twitter_prize_push_480_sound.mp4 in Resources */ = {isa = PBXBuildFile; fileRef = A30E506E22EB189000540A56 /* twitter_prize_push_480_sound.mp4 */; };
		A30E509A22EB189200540A56 /* twitter_prize_gaia_indiegogo_480_sound.mp4 in Resources */ = {isa = PBXBuildFile; fileRef = A30E506F22EB189000540A56 /* twitter_prize_gaia_indiegogo_480_sound.mp4 */; };
		A30E509B22EB189200540A56 /* z_button_prize_loop_480_sound.mp4 in Resources */ = {isa = PBXBuildFile; fileRef = A30E507022EB189100540A56 /* z_button_prize_loop_480_sound.mp4 */; };
		A30E509C22EB189200540A56 /* lock_schematics_prize_loop_480_sound.mp4 in Resources */ = {isa = PBXBuildFile; fileRef = A30E507122EB189100540A56 /* lock_schematics_prize_loop_480_sound.mp4 */; };
		A30E509D22EB189200540A56 /* lock_schematics_prize_gaia_indiegogo_480_sound.mp4 in Resources */ = {isa = PBXBuildFile; fileRef = A30E507222EB189100540A56 /* lock_schematics_prize_gaia_indiegogo_480_sound.mp4 */; };
		A30E509E22EB189200540A56 /* videos.json in Resources */ = {isa = PBXBuildFile; fileRef = A30E507322EB189100540A56 /* videos.json */; };
		A30E509F22EB189200540A56 /* lock_story_prize_swipe_to_twitter_480_sound.mp4 in Resources */ = {isa = PBXBuildFile; fileRef = A30E507422EB189100540A56 /* lock_story_prize_swipe_to_twitter_480_sound.mp4 */; };
		A30E50A022EB189200540A56 /* schematics_prize_swipe_to_lock_story_480_sound.mp4 in Resources */ = {isa = PBXBuildFile; fileRef = A30E507522EB189100540A56 /* schematics_prize_swipe_to_lock_story_480_sound.mp4 */; };
		A30E50A122EB189200540A56 /* lock_z_button_prize_swipe_to_lock_instagram_480_sound.mp4 in Resources */ = {isa = PBXBuildFile; fileRef = A30E507622EB189100540A56 /* lock_z_button_prize_swipe_to_lock_instagram_480_sound.mp4 */; };
		A30E50A222EB189200540A56 /* snapchat_prize_gaia_indiegogo_480_sound.mp4 in Resources */ = {isa = PBXBuildFile; fileRef = A30E507722EB189100540A56 /* snapchat_prize_gaia_indiegogo_480_sound.mp4 */; };
		A30E50A322EB189200540A56 /* z_button_prize_swipe_to_lock_instagram_480_sound.mp4 in Resources */ = {isa = PBXBuildFile; fileRef = A30E507822EB189100540A56 /* z_button_prize_swipe_to_lock_instagram_480_sound.mp4 */; };
		A30E50A422EB189200540A56 /* after_login_video_to_twitter_prize_480_sound.mp4 in Resources */ = {isa = PBXBuildFile; fileRef = A30E507922EB189100540A56 /* after_login_video_to_twitter_prize_480_sound.mp4 */; };
		A30E50A522EB189200540A56 /* lock_story_prize_loop_vo.mp4 in Resources */ = {isa = PBXBuildFile; fileRef = A30E507A22EB189100540A56 /* lock_story_prize_loop_vo.mp4 */; };
		A30E50A622EB189200540A56 /* schematics_prize_loop_480_sound.mp4 in Resources */ = {isa = PBXBuildFile; fileRef = A30E507B22EB189100540A56 /* schematics_prize_loop_480_sound.mp4 */; };
		A30E50A722EB189200540A56 /* lock_z_button_prize_gaia_indiegogo_480.mp4 in Resources */ = {isa = PBXBuildFile; fileRef = A30E507C22EB189100540A56 /* lock_z_button_prize_gaia_indiegogo_480.mp4 */; };
		A30E50A822EB189200540A56 /* instagram_prize_loop_480_sound.mp4 in Resources */ = {isa = PBXBuildFile; fileRef = A30E507D22EB189100540A56 /* instagram_prize_loop_480_sound.mp4 */; };
		A30E50A922EB189200540A56 /* instagram_prize_swipe_to_lock_schematics_480_sound.mp4 in Resources */ = {isa = PBXBuildFile; fileRef = A30E507E22EB189100540A56 /* instagram_prize_swipe_to_lock_schematics_480_sound.mp4 */; };
		A30E50AA22EB189200540A56 /* snapchat_prize_push_480_sound.mp4 in Resources */ = {isa = PBXBuildFile; fileRef = A30E507F22EB189100540A56 /* snapchat_prize_push_480_sound.mp4 */; };
		A30E50AB22EB189200540A56 /* lock_z_button_prize_loop_480_sound.mp4 in Resources */ = {isa = PBXBuildFile; fileRef = A30E508022EB189100540A56 /* lock_z_button_prize_loop_480_sound.mp4 */; };
		A30E50AC22EB189200540A56 /* story_prize_swipe_to_twitter_480_sound.mp4 in Resources */ = {isa = PBXBuildFile; fileRef = A30E508122EB189100540A56 /* story_prize_swipe_to_twitter_480_sound.mp4 */; };
		A30E50AD22EB189200540A56 /* instagram_prize_gaia_indiegogo_480_sound.mp4 in Resources */ = {isa = PBXBuildFile; fileRef = A30E508222EB189100540A56 /* instagram_prize_gaia_indiegogo_480_sound.mp4 */; };
		A30E50AE22EB189200540A56 /* instagram_prize_push_480_sound.mp4 in Resources */ = {isa = PBXBuildFile; fileRef = A30E508322EB189100540A56 /* instagram_prize_push_480_sound.mp4 */; };
		A30E50AF22EB189200540A56 /* z_button_prize_swipe_to_instagram_480_sound.mp4 in Resources */ = {isa = PBXBuildFile; fileRef = A30E508422EB189100540A56 /* z_button_prize_swipe_to_instagram_480_sound.mp4 */; };
		A30E50B022EB189200540A56 /* lock_story_prize_gaia_indiegogo_480_sound.mp4 in Resources */ = {isa = PBXBuildFile; fileRef = A30E508522EB189200540A56 /* lock_story_prize_gaia_indiegogo_480_sound.mp4 */; };
		A30E50B122EB189200540A56 /* snapchat_prize_swipe_to_lock_z_button_480_sound.mp4 in Resources */ = {isa = PBXBuildFile; fileRef = A30E508622EB189200540A56 /* snapchat_prize_swipe_to_lock_z_button_480_sound.mp4 */; };
		A30E50B222EB189200540A56 /* schematics_prize_swipe_to_story_480_sound.mp4 in Resources */ = {isa = PBXBuildFile; fileRef = A30E508722EB189200540A56 /* schematics_prize_swipe_to_story_480_sound.mp4 */; };
		A30E50B322EB189200540A56 /* z_button_prize_push_480_sound.mp4 in Resources */ = {isa = PBXBuildFile; fileRef = A30E508822EB189200540A56 /* z_button_prize_push_480_sound.mp4 */; };
		A30E50B422EB189200540A56 /* twitter_prize_loop_480_sound.mp4 in Resources */ = {isa = PBXBuildFile; fileRef = A30E508922EB189200540A56 /* twitter_prize_loop_480_sound.mp4 */; };
		A30E50B522EB189200540A56 /* snapchat_prize_swipe_to_z_button_480_sound.mp4 in Resources */ = {isa = PBXBuildFile; fileRef = A30E508A22EB189200540A56 /* snapchat_prize_swipe_to_z_button_480_sound.mp4 */; };
		A30E50B622EB189200540A56 /* twitter_prize_swipe_to_snapchat_480_sound.mp4 in Resources */ = {isa = PBXBuildFile; fileRef = A30E508B22EB189200540A56 /* twitter_prize_swipe_to_snapchat_480_sound.mp4 */; };
		A30E50B722EB189200540A56 /* z_button_prize_gaia_indiegogo_480_sound.mp4 in Resources */ = {isa = PBXBuildFile; fileRef = A30E508C22EB189200540A56 /* z_button_prize_gaia_indiegogo_480_sound.mp4 */; };
		A30E50B822EB189200540A56 /* title_login_480_sound.mp4 in Resources */ = {isa = PBXBuildFile; fileRef = A30E508D22EB189200540A56 /* title_login_480_sound.mp4 */; };
		A30E50C422EB820400540A56 /* forgot_username.png in Resources */ = {isa = PBXBuildFile; fileRef = A30E50BC22EB820400540A56 /* forgot_username.png */; };
		A30E50C522EB820400540A56 /* forgot_password.png in Resources */ = {isa = PBXBuildFile; fileRef = A30E50BD22EB820400540A56 /* forgot_password.png */; };
		A30E50C622EB820400540A56 /* username.png in Resources */ = {isa = PBXBuildFile; fileRef = A30E50BE22EB820400540A56 /* username.png */; };
		A30E50C722EB820400540A56 /* register.png in Resources */ = {isa = PBXBuildFile; fileRef = A30E50BF22EB820400540A56 /* register.png */; };
		A30E50C822EB820400540A56 /* login.png in Resources */ = {isa = PBXBuildFile; fileRef = A30E50C022EB820400540A56 /* login.png */; };
		A30E50C922EB820400540A56 /* email.png in Resources */ = {isa = PBXBuildFile; fileRef = A30E50C122EB820400540A56 /* email.png */; };
		A30E50CA22EB820400540A56 /* password.png in Resources */ = {isa = PBXBuildFile; fileRef = A30E50C222EB820400540A56 /* password.png */; };
		A30E50CB22EB820400540A56 /* noaccount.png in Resources */ = {isa = PBXBuildFile; fileRef = A30E50C322EB820400540A56 /* noaccount.png */; };
		A30E50CD22EBA42300540A56 /* back.png in Resources */ = {isa = PBXBuildFile; fileRef = A30E50CC22EBA42300540A56 /* back.png */; };
		A31194D222E863120096FF81 /* LinkInfo.swift in Sources */ = {isa = PBXBuildFile; fileRef = A31194D122E863120096FF81 /* LinkInfo.swift */; };
		A311EE9D22E641D300C924E5 /* AppDelegate.swift in Sources */ = {isa = PBXBuildFile; fileRef = A311EE9C22E641D300C924E5 /* AppDelegate.swift */; };
		A311EE9F22E641D300C924E5 /* AuthController.swift in Sources */ = {isa = PBXBuildFile; fileRef = A311EE9E22E641D300C924E5 /* AuthController.swift */; };
		A311EEA222E641D300C924E5 /* Main.storyboard in Resources */ = {isa = PBXBuildFile; fileRef = A311EEA022E641D300C924E5 /* Main.storyboard */; };
		A311EEA422E641D500C924E5 /* Assets.xcassets in Resources */ = {isa = PBXBuildFile; fileRef = A311EEA322E641D500C924E5 /* Assets.xcassets */; };
		A311EEA722E641D500C924E5 /* LaunchScreen.storyboard in Resources */ = {isa = PBXBuildFile; fileRef = A311EEA522E641D500C924E5 /* LaunchScreen.storyboard */; };
		A311EEB222E641D500C924E5 /* ZenithTests.swift in Sources */ = {isa = PBXBuildFile; fileRef = A311EEB122E641D500C924E5 /* ZenithTests.swift */; };
		A311EEBD22E641D500C924E5 /* ZenithUITests.swift in Sources */ = {isa = PBXBuildFile; fileRef = A311EEBC22E641D500C924E5 /* ZenithUITests.swift */; };
		A311EECB22E64D8300C924E5 /* VideoController.swift in Sources */ = {isa = PBXBuildFile; fileRef = A311EECA22E64D8300C924E5 /* VideoController.swift */; };
/* End PBXBuildFile section */

/* Begin PBXContainerItemProxy section */
		A311EEAE22E641D500C924E5 /* PBXContainerItemProxy */ = {
			isa = PBXContainerItemProxy;
			containerPortal = A311EE9122E641D300C924E5 /* Project object */;
			proxyType = 1;
			remoteGlobalIDString = A311EE9822E641D300C924E5;
			remoteInfo = Zenith;
		};
		A311EEB922E641D500C924E5 /* PBXContainerItemProxy */ = {
			isa = PBXContainerItemProxy;
			containerPortal = A311EE9122E641D300C924E5 /* Project object */;
			proxyType = 1;
			remoteGlobalIDString = A311EE9822E641D300C924E5;
			remoteInfo = Zenith;
		};
/* End PBXContainerItemProxy section */

/* Begin PBXFileReference section */
		A30E505F22EB15B800540A56 /* VideoInfo.swift */ = {isa = PBXFileReference; lastKnownFileType = sourcecode.swift; path = VideoInfo.swift; sourceTree = "<group>"; };
		A30E506122EB170000540A56 /* Define.swift */ = {isa = PBXFileReference; lastKnownFileType = sourcecode.swift; path = Define.swift; sourceTree = "<group>"; };
		A30E506322EB189000540A56 /* snapchat_prize_loop_480_sound.mp4 */ = {isa = PBXFileReference; lastKnownFileType = file; path = snapchat_prize_loop_480_sound.mp4; sourceTree = "<group>"; };
		A30E506422EB189000540A56 /* schematics_prize_push_480_sound.mp4 */ = {isa = PBXFileReference; lastKnownFileType = file; path = schematics_prize_push_480_sound.mp4; sourceTree = "<group>"; };
		A30E506522EB189000540A56 /* lock_instagram_prize_loop_480_sound.mp4 */ = {isa = PBXFileReference; lastKnownFileType = file; path = lock_instagram_prize_loop_480_sound.mp4; sourceTree = "<group>"; };
		A30E506622EB189000540A56 /* story_prize_gaia_indiegogo_480_sound.mp4 */ = {isa = PBXFileReference; lastKnownFileType = file; path = story_prize_gaia_indiegogo_480_sound.mp4; sourceTree = "<group>"; };
		A30E506722EB189000540A56 /* schematics_prize_gaia_indiegogo_480_sound.mp4 */ = {isa = PBXFileReference; lastKnownFileType = file; path = schematics_prize_gaia_indiegogo_480_sound.mp4; sourceTree = "<group>"; };
		A30E506822EB189000540A56 /* lock_instagram_prize_gaia_indiegogo_480_sound.mp4 */ = {isa = PBXFileReference; lastKnownFileType = file; path = lock_instagram_prize_gaia_indiegogo_480_sound.mp4; sourceTree = "<group>"; };
		A30E506922EB189000540A56 /* story_prize_push_480_sound.mp4 */ = {isa = PBXFileReference; lastKnownFileType = file; path = story_prize_push_480_sound.mp4; sourceTree = "<group>"; };
		A30E506A22EB189000540A56 /* story_prize_loop_480_sound.mp4 */ = {isa = PBXFileReference; lastKnownFileType = file; path = story_prize_loop_480_sound.mp4; sourceTree = "<group>"; };
		A30E506B22EB189000540A56 /* instagram_prize_swipe_to_schematics_480_sound.mp4 */ = {isa = PBXFileReference; lastKnownFileType = file; path = instagram_prize_swipe_to_schematics_480_sound.mp4; sourceTree = "<group>"; };
		A30E506C22EB189000540A56 /* lock_instagram_prize_swipe_to_lock_schematics_480_sound.mp4 */ = {isa = PBXFileReference; lastKnownFileType = file; path = lock_instagram_prize_swipe_to_lock_schematics_480_sound.mp4; sourceTree = "<group>"; };
		A30E506D22EB189000540A56 /* lock_schematics_prize_swipe_to_lock_story_480_sound.mp4 */ = {isa = PBXFileReference; lastKnownFileType = file; path = lock_schematics_prize_swipe_to_lock_story_480_sound.mp4; sourceTree = "<group>"; };
		A30E506E22EB189000540A56 /* twitter_prize_push_480_sound.mp4 */ = {isa = PBXFileReference; lastKnownFileType = file; path = twitter_prize_push_480_sound.mp4; sourceTree = "<group>"; };
		A30E506F22EB189000540A56 /* twitter_prize_gaia_indiegogo_480_sound.mp4 */ = {isa = PBXFileReference; lastKnownFileType = file; path = twitter_prize_gaia_indiegogo_480_sound.mp4; sourceTree = "<group>"; };
		A30E507022EB189100540A56 /* z_button_prize_loop_480_sound.mp4 */ = {isa = PBXFileReference; lastKnownFileType = file; path = z_button_prize_loop_480_sound.mp4; sourceTree = "<group>"; };
		A30E507122EB189100540A56 /* lock_schematics_prize_loop_480_sound.mp4 */ = {isa = PBXFileReference; lastKnownFileType = file; path = lock_schematics_prize_loop_480_sound.mp4; sourceTree = "<group>"; };
		A30E507222EB189100540A56 /* lock_schematics_prize_gaia_indiegogo_480_sound.mp4 */ = {isa = PBXFileReference; lastKnownFileType = file; path = lock_schematics_prize_gaia_indiegogo_480_sound.mp4; sourceTree = "<group>"; };
		A30E507322EB189100540A56 /* videos.json */ = {isa = PBXFileReference; fileEncoding = 4; lastKnownFileType = text.json; path = videos.json; sourceTree = "<group>"; };
		A30E507422EB189100540A56 /* lock_story_prize_swipe_to_twitter_480_sound.mp4 */ = {isa = PBXFileReference; lastKnownFileType = file; path = lock_story_prize_swipe_to_twitter_480_sound.mp4; sourceTree = "<group>"; };
		A30E507522EB189100540A56 /* schematics_prize_swipe_to_lock_story_480_sound.mp4 */ = {isa = PBXFileReference; lastKnownFileType = file; path = schematics_prize_swipe_to_lock_story_480_sound.mp4; sourceTree = "<group>"; };
		A30E507622EB189100540A56 /* lock_z_button_prize_swipe_to_lock_instagram_480_sound.mp4 */ = {isa = PBXFileReference; lastKnownFileType = file; path = lock_z_button_prize_swipe_to_lock_instagram_480_sound.mp4; sourceTree = "<group>"; };
		A30E507722EB189100540A56 /* snapchat_prize_gaia_indiegogo_480_sound.mp4 */ = {isa = PBXFileReference; lastKnownFileType = file; path = snapchat_prize_gaia_indiegogo_480_sound.mp4; sourceTree = "<group>"; };
		A30E507822EB189100540A56 /* z_button_prize_swipe_to_lock_instagram_480_sound.mp4 */ = {isa = PBXFileReference; lastKnownFileType = file; path = z_button_prize_swipe_to_lock_instagram_480_sound.mp4; sourceTree = "<group>"; };
		A30E507922EB189100540A56 /* after_login_video_to_twitter_prize_480_sound.mp4 */ = {isa = PBXFileReference; lastKnownFileType = file; path = after_login_video_to_twitter_prize_480_sound.mp4; sourceTree = "<group>"; };
		A30E507A22EB189100540A56 /* lock_story_prize_loop_vo.mp4 */ = {isa = PBXFileReference; lastKnownFileType = file; path = lock_story_prize_loop_vo.mp4; sourceTree = "<group>"; };
		A30E507B22EB189100540A56 /* schematics_prize_loop_480_sound.mp4 */ = {isa = PBXFileReference; lastKnownFileType = file; path = schematics_prize_loop_480_sound.mp4; sourceTree = "<group>"; };
		A30E507C22EB189100540A56 /* lock_z_button_prize_gaia_indiegogo_480.mp4 */ = {isa = PBXFileReference; lastKnownFileType = file; path = lock_z_button_prize_gaia_indiegogo_480.mp4; sourceTree = "<group>"; };
		A30E507D22EB189100540A56 /* instagram_prize_loop_480_sound.mp4 */ = {isa = PBXFileReference; lastKnownFileType = file; path = instagram_prize_loop_480_sound.mp4; sourceTree = "<group>"; };
		A30E507E22EB189100540A56 /* instagram_prize_swipe_to_lock_schematics_480_sound.mp4 */ = {isa = PBXFileReference; lastKnownFileType = file; path = instagram_prize_swipe_to_lock_schematics_480_sound.mp4; sourceTree = "<group>"; };
		A30E507F22EB189100540A56 /* snapchat_prize_push_480_sound.mp4 */ = {isa = PBXFileReference; lastKnownFileType = file; path = snapchat_prize_push_480_sound.mp4; sourceTree = "<group>"; };
		A30E508022EB189100540A56 /* lock_z_button_prize_loop_480_sound.mp4 */ = {isa = PBXFileReference; lastKnownFileType = file; path = lock_z_button_prize_loop_480_sound.mp4; sourceTree = "<group>"; };
		A30E508122EB189100540A56 /* story_prize_swipe_to_twitter_480_sound.mp4 */ = {isa = PBXFileReference; lastKnownFileType = file; path = story_prize_swipe_to_twitter_480_sound.mp4; sourceTree = "<group>"; };
		A30E508222EB189100540A56 /* instagram_prize_gaia_indiegogo_480_sound.mp4 */ = {isa = PBXFileReference; lastKnownFileType = file; path = instagram_prize_gaia_indiegogo_480_sound.mp4; sourceTree = "<group>"; };
		A30E508322EB189100540A56 /* instagram_prize_push_480_sound.mp4 */ = {isa = PBXFileReference; lastKnownFileType = file; path = instagram_prize_push_480_sound.mp4; sourceTree = "<group>"; };
		A30E508422EB189100540A56 /* z_button_prize_swipe_to_instagram_480_sound.mp4 */ = {isa = PBXFileReference; lastKnownFileType = file; path = z_button_prize_swipe_to_instagram_480_sound.mp4; sourceTree = "<group>"; };
		A30E508522EB189200540A56 /* lock_story_prize_gaia_indiegogo_480_sound.mp4 */ = {isa = PBXFileReference; lastKnownFileType = file; path = lock_story_prize_gaia_indiegogo_480_sound.mp4; sourceTree = "<group>"; };
		A30E508622EB189200540A56 /* snapchat_prize_swipe_to_lock_z_button_480_sound.mp4 */ = {isa = PBXFileReference; lastKnownFileType = file; path = snapchat_prize_swipe_to_lock_z_button_480_sound.mp4; sourceTree = "<group>"; };
		A30E508722EB189200540A56 /* schematics_prize_swipe_to_story_480_sound.mp4 */ = {isa = PBXFileReference; lastKnownFileType = file; path = schematics_prize_swipe_to_story_480_sound.mp4; sourceTree = "<group>"; };
		A30E508822EB189200540A56 /* z_button_prize_push_480_sound.mp4 */ = {isa = PBXFileReference; lastKnownFileType = file; path = z_button_prize_push_480_sound.mp4; sourceTree = "<group>"; };
		A30E508922EB189200540A56 /* twitter_prize_loop_480_sound.mp4 */ = {isa = PBXFileReference; lastKnownFileType = file; path = twitter_prize_loop_480_sound.mp4; sourceTree = "<group>"; };
		A30E508A22EB189200540A56 /* snapchat_prize_swipe_to_z_button_480_sound.mp4 */ = {isa = PBXFileReference; lastKnownFileType = file; path = snapchat_prize_swipe_to_z_button_480_sound.mp4; sourceTree = "<group>"; };
		A30E508B22EB189200540A56 /* twitter_prize_swipe_to_snapchat_480_sound.mp4 */ = {isa = PBXFileReference; lastKnownFileType = file; path = twitter_prize_swipe_to_snapchat_480_sound.mp4; sourceTree = "<group>"; };
		A30E508C22EB189200540A56 /* z_button_prize_gaia_indiegogo_480_sound.mp4 */ = {isa = PBXFileReference; lastKnownFileType = file; path = z_button_prize_gaia_indiegogo_480_sound.mp4; sourceTree = "<group>"; };
		A30E508D22EB189200540A56 /* title_login_480_sound.mp4 */ = {isa = PBXFileReference; lastKnownFileType = file; path = title_login_480_sound.mp4; sourceTree = "<group>"; };
		A30E50BC22EB820400540A56 /* forgot_username.png */ = {isa = PBXFileReference; lastKnownFileType = image.png; path = forgot_username.png; sourceTree = "<group>"; };
		A30E50BD22EB820400540A56 /* forgot_password.png */ = {isa = PBXFileReference; lastKnownFileType = image.png; path = forgot_password.png; sourceTree = "<group>"; };
		A30E50BE22EB820400540A56 /* username.png */ = {isa = PBXFileReference; lastKnownFileType = image.png; path = username.png; sourceTree = "<group>"; };
		A30E50BF22EB820400540A56 /* register.png */ = {isa = PBXFileReference; lastKnownFileType = image.png; path = register.png; sourceTree = "<group>"; };
		A30E50C022EB820400540A56 /* login.png */ = {isa = PBXFileReference; lastKnownFileType = image.png; path = login.png; sourceTree = "<group>"; };
		A30E50C122EB820400540A56 /* email.png */ = {isa = PBXFileReference; lastKnownFileType = image.png; path = email.png; sourceTree = "<group>"; };
		A30E50C222EB820400540A56 /* password.png */ = {isa = PBXFileReference; lastKnownFileType = image.png; path = password.png; sourceTree = "<group>"; };
		A30E50C322EB820400540A56 /* noaccount.png */ = {isa = PBXFileReference; lastKnownFileType = image.png; path = noaccount.png; sourceTree = "<group>"; };
		A30E50CC22EBA42300540A56 /* back.png */ = {isa = PBXFileReference; lastKnownFileType = image.png; path = back.png; sourceTree = "<group>"; };
		A31194D122E863120096FF81 /* LinkInfo.swift */ = {isa = PBXFileReference; lastKnownFileType = sourcecode.swift; path = LinkInfo.swift; sourceTree = "<group>"; };
		A311EE9922E641D300C924E5 /* Zenith.app */ = {isa = PBXFileReference; explicitFileType = wrapper.application; includeInIndex = 0; path = Zenith.app; sourceTree = BUILT_PRODUCTS_DIR; };
		A311EE9C22E641D300C924E5 /* AppDelegate.swift */ = {isa = PBXFileReference; lastKnownFileType = sourcecode.swift; path = AppDelegate.swift; sourceTree = "<group>"; };
		A311EE9E22E641D300C924E5 /* AuthController.swift */ = {isa = PBXFileReference; lastKnownFileType = sourcecode.swift; path = AuthController.swift; sourceTree = "<group>"; };
		A311EEA122E641D300C924E5 /* Base */ = {isa = PBXFileReference; lastKnownFileType = file.storyboard; name = Base; path = Base.lproj/Main.storyboard; sourceTree = "<group>"; };
		A311EEA322E641D500C924E5 /* Assets.xcassets */ = {isa = PBXFileReference; lastKnownFileType = folder.assetcatalog; path = Assets.xcassets; sourceTree = "<group>"; };
		A311EEA622E641D500C924E5 /* Base */ = {isa = PBXFileReference; lastKnownFileType = file.storyboard; name = Base; path = Base.lproj/LaunchScreen.storyboard; sourceTree = "<group>"; };
		A311EEA822E641D500C924E5 /* Info.plist */ = {isa = PBXFileReference; lastKnownFileType = text.plist.xml; path = Info.plist; sourceTree = "<group>"; };
		A311EEAD22E641D500C924E5 /* ZenithTests.xctest */ = {isa = PBXFileReference; explicitFileType = wrapper.cfbundle; includeInIndex = 0; path = ZenithTests.xctest; sourceTree = BUILT_PRODUCTS_DIR; };
		A311EEB122E641D500C924E5 /* ZenithTests.swift */ = {isa = PBXFileReference; lastKnownFileType = sourcecode.swift; path = ZenithTests.swift; sourceTree = "<group>"; };
		A311EEB322E641D500C924E5 /* Info.plist */ = {isa = PBXFileReference; lastKnownFileType = text.plist.xml; path = Info.plist; sourceTree = "<group>"; };
		A311EEB822E641D500C924E5 /* ZenithUITests.xctest */ = {isa = PBXFileReference; explicitFileType = wrapper.cfbundle; includeInIndex = 0; path = ZenithUITests.xctest; sourceTree = BUILT_PRODUCTS_DIR; };
		A311EEBC22E641D500C924E5 /* ZenithUITests.swift */ = {isa = PBXFileReference; lastKnownFileType = sourcecode.swift; path = ZenithUITests.swift; sourceTree = "<group>"; };
		A311EEBE22E641D500C924E5 /* Info.plist */ = {isa = PBXFileReference; lastKnownFileType = text.plist.xml; path = Info.plist; sourceTree = "<group>"; };
		A311EECA22E64D8300C924E5 /* VideoController.swift */ = {isa = PBXFileReference; lastKnownFileType = sourcecode.swift; path = VideoController.swift; sourceTree = "<group>"; };
/* End PBXFileReference section */

/* Begin PBXFrameworksBuildPhase section */
		A311EE9622E641D300C924E5 /* Frameworks */ = {
			isa = PBXFrameworksBuildPhase;
			buildActionMask = 2147483647;
			files = (
			);
			runOnlyForDeploymentPostprocessing = 0;
		};
		A311EEAA22E641D500C924E5 /* Frameworks */ = {
			isa = PBXFrameworksBuildPhase;
			buildActionMask = 2147483647;
			files = (
			);
			runOnlyForDeploymentPostprocessing = 0;
		};
		A311EEB522E641D500C924E5 /* Frameworks */ = {
			isa = PBXFrameworksBuildPhase;
			buildActionMask = 2147483647;
			files = (
			);
			runOnlyForDeploymentPostprocessing = 0;
		};
/* End PBXFrameworksBuildPhase section */

/* Begin PBXGroup section */
		A30E50BA22EB817D00540A56 /* videos */ = {
			isa = PBXGroup;
			children = (
				A30E507922EB189100540A56 /* after_login_video_to_twitter_prize_480_sound.mp4 */,
				A30E508222EB189100540A56 /* instagram_prize_gaia_indiegogo_480_sound.mp4 */,
				A30E507D22EB189100540A56 /* instagram_prize_loop_480_sound.mp4 */,
				A30E508322EB189100540A56 /* instagram_prize_push_480_sound.mp4 */,
				A30E507E22EB189100540A56 /* instagram_prize_swipe_to_lock_schematics_480_sound.mp4 */,
				A30E506B22EB189000540A56 /* instagram_prize_swipe_to_schematics_480_sound.mp4 */,
				A30E506822EB189000540A56 /* lock_instagram_prize_gaia_indiegogo_480_sound.mp4 */,
				A30E506522EB189000540A56 /* lock_instagram_prize_loop_480_sound.mp4 */,
				A30E506C22EB189000540A56 /* lock_instagram_prize_swipe_to_lock_schematics_480_sound.mp4 */,
				A30E507222EB189100540A56 /* lock_schematics_prize_gaia_indiegogo_480_sound.mp4 */,
				A30E507122EB189100540A56 /* lock_schematics_prize_loop_480_sound.mp4 */,
				A30E506D22EB189000540A56 /* lock_schematics_prize_swipe_to_lock_story_480_sound.mp4 */,
				A30E508522EB189200540A56 /* lock_story_prize_gaia_indiegogo_480_sound.mp4 */,
				A30E507A22EB189100540A56 /* lock_story_prize_loop_vo.mp4 */,
				A30E507422EB189100540A56 /* lock_story_prize_swipe_to_twitter_480_sound.mp4 */,
				A30E507C22EB189100540A56 /* lock_z_button_prize_gaia_indiegogo_480.mp4 */,
				A30E508022EB189100540A56 /* lock_z_button_prize_loop_480_sound.mp4 */,
				A30E507622EB189100540A56 /* lock_z_button_prize_swipe_to_lock_instagram_480_sound.mp4 */,
				A30E506722EB189000540A56 /* schematics_prize_gaia_indiegogo_480_sound.mp4 */,
				A30E507B22EB189100540A56 /* schematics_prize_loop_480_sound.mp4 */,
				A30E506422EB189000540A56 /* schematics_prize_push_480_sound.mp4 */,
				A30E507522EB189100540A56 /* schematics_prize_swipe_to_lock_story_480_sound.mp4 */,
				A30E508722EB189200540A56 /* schematics_prize_swipe_to_story_480_sound.mp4 */,
				A30E507722EB189100540A56 /* snapchat_prize_gaia_indiegogo_480_sound.mp4 */,
				A30E506322EB189000540A56 /* snapchat_prize_loop_480_sound.mp4 */,
				A30E507F22EB189100540A56 /* snapchat_prize_push_480_sound.mp4 */,
				A30E508622EB189200540A56 /* snapchat_prize_swipe_to_lock_z_button_480_sound.mp4 */,
				A30E508A22EB189200540A56 /* snapchat_prize_swipe_to_z_button_480_sound.mp4 */,
				A30E506622EB189000540A56 /* story_prize_gaia_indiegogo_480_sound.mp4 */,
				A30E506A22EB189000540A56 /* story_prize_loop_480_sound.mp4 */,
				A30E506922EB189000540A56 /* story_prize_push_480_sound.mp4 */,
				A30E508122EB189100540A56 /* story_prize_swipe_to_twitter_480_sound.mp4 */,
				A30E508D22EB189200540A56 /* title_login_480_sound.mp4 */,
				A30E506F22EB189000540A56 /* twitter_prize_gaia_indiegogo_480_sound.mp4 */,
				A30E508922EB189200540A56 /* twitter_prize_loop_480_sound.mp4 */,
				A30E506E22EB189000540A56 /* twitter_prize_push_480_sound.mp4 */,
				A30E508B22EB189200540A56 /* twitter_prize_swipe_to_snapchat_480_sound.mp4 */,
				A30E508C22EB189200540A56 /* z_button_prize_gaia_indiegogo_480_sound.mp4 */,
				A30E507022EB189100540A56 /* z_button_prize_loop_480_sound.mp4 */,
				A30E508822EB189200540A56 /* z_button_prize_push_480_sound.mp4 */,
				A30E508422EB189100540A56 /* z_button_prize_swipe_to_instagram_480_sound.mp4 */,
				A30E507822EB189100540A56 /* z_button_prize_swipe_to_lock_instagram_480_sound.mp4 */,
			);
			path = videos;
			sourceTree = "<group>";
		};
		A30E50BB22EB81AF00540A56 /* images */ = {
			isa = PBXGroup;
			children = (
				A30E50CC22EBA42300540A56 /* back.png */,
				A30E50C122EB820400540A56 /* email.png */,
				A30E50BD22EB820400540A56 /* forgot_password.png */,
				A30E50BC22EB820400540A56 /* forgot_username.png */,
				A30E50C022EB820400540A56 /* login.png */,
				A30E50C322EB820400540A56 /* noaccount.png */,
				A30E50C222EB820400540A56 /* password.png */,
				A30E50BF22EB820400540A56 /* register.png */,
				A30E50BE22EB820400540A56 /* username.png */,
			);
			path = images;
			sourceTree = "<group>";
		};
		A31194D022E862FE0096FF81 /* doc */ = {
			isa = PBXGroup;
			children = (
				A31194D122E863120096FF81 /* LinkInfo.swift */,
				A30E505F22EB15B800540A56 /* VideoInfo.swift */,
				A30E506122EB170000540A56 /* Define.swift */,
			);
			path = doc;
			sourceTree = "<group>";
		};
		A311EE9022E641D300C924E5 = {
			isa = PBXGroup;
			children = (
				A311EE9B22E641D300C924E5 /* Zenith */,
				A311EEB022E641D500C924E5 /* ZenithTests */,
				A311EEBB22E641D500C924E5 /* ZenithUITests */,
				A311EE9A22E641D300C924E5 /* Products */,
			);
			sourceTree = "<group>";
		};
		A311EE9A22E641D300C924E5 /* Products */ = {
			isa = PBXGroup;
			children = (
				A311EE9922E641D300C924E5 /* Zenith.app */,
				A311EEAD22E641D500C924E5 /* ZenithTests.xctest */,
				A311EEB822E641D500C924E5 /* ZenithUITests.xctest */,
			);
			name = Products;
			sourceTree = "<group>";
		};
		A311EE9B22E641D300C924E5 /* Zenith */ = {
			isa = PBXGroup;
			children = (
				A31194D022E862FE0096FF81 /* doc */,
				A394434622E80A0A009F5BD8 /* resource */,
				A311EE9C22E641D300C924E5 /* AppDelegate.swift */,
				A311EECA22E64D8300C924E5 /* VideoController.swift */,
				A311EE9E22E641D300C924E5 /* AuthController.swift */,
				A311EEA022E641D300C924E5 /* Main.storyboard */,
				A311EEA322E641D500C924E5 /* Assets.xcassets */,
				A311EEA522E641D500C924E5 /* LaunchScreen.storyboard */,
				A311EEA822E641D500C924E5 /* Info.plist */,
			);
			path = Zenith;
			sourceTree = "<group>";
		};
		A311EEB022E641D500C924E5 /* ZenithTests */ = {
			isa = PBXGroup;
			children = (
				A311EEB122E641D500C924E5 /* ZenithTests.swift */,
				A311EEB322E641D500C924E5 /* Info.plist */,
			);
			path = ZenithTests;
			sourceTree = "<group>";
		};
		A311EEBB22E641D500C924E5 /* ZenithUITests */ = {
			isa = PBXGroup;
			children = (
				A311EEBC22E641D500C924E5 /* ZenithUITests.swift */,
				A311EEBE22E641D500C924E5 /* Info.plist */,
			);
			path = ZenithUITests;
			sourceTree = "<group>";
		};
		A394434622E80A0A009F5BD8 /* resource */ = {
			isa = PBXGroup;
			children = (
				A30E50BB22EB81AF00540A56 /* images */,
				A30E50BA22EB817D00540A56 /* videos */,
				A30E507322EB189100540A56 /* videos.json */,
			);
			path = resource;
			sourceTree = "<group>";
		};
/* End PBXGroup section */

/* Begin PBXNativeTarget section */
		A311EE9822E641D300C924E5 /* Zenith */ = {
			isa = PBXNativeTarget;
			buildConfigurationList = A311EEC122E641D500C924E5 /* Build configuration list for PBXNativeTarget "Zenith" */;
			buildPhases = (
				A311EE9522E641D300C924E5 /* Sources */,
				A311EE9622E641D300C924E5 /* Frameworks */,
				A311EE9722E641D300C924E5 /* Resources */,
			);
			buildRules = (
			);
			dependencies = (
			);
			name = Zenith;
			productName = Zenith;
			productReference = A311EE9922E641D300C924E5 /* Zenith.app */;
			productType = "com.apple.product-type.application";
		};
		A311EEAC22E641D500C924E5 /* ZenithTests */ = {
			isa = PBXNativeTarget;
			buildConfigurationList = A311EEC422E641D500C924E5 /* Build configuration list for PBXNativeTarget "ZenithTests" */;
			buildPhases = (
				A311EEA922E641D500C924E5 /* Sources */,
				A311EEAA22E641D500C924E5 /* Frameworks */,
				A311EEAB22E641D500C924E5 /* Resources */,
			);
			buildRules = (
			);
			dependencies = (
				A311EEAF22E641D500C924E5 /* PBXTargetDependency */,
			);
			name = ZenithTests;
			productName = ZenithTests;
			productReference = A311EEAD22E641D500C924E5 /* ZenithTests.xctest */;
			productType = "com.apple.product-type.bundle.unit-test";
		};
		A311EEB722E641D500C924E5 /* ZenithUITests */ = {
			isa = PBXNativeTarget;
			buildConfigurationList = A311EEC722E641D500C924E5 /* Build configuration list for PBXNativeTarget "ZenithUITests" */;
			buildPhases = (
				A311EEB422E641D500C924E5 /* Sources */,
				A311EEB522E641D500C924E5 /* Frameworks */,
				A311EEB622E641D500C924E5 /* Resources */,
			);
			buildRules = (
			);
			dependencies = (
				A311EEBA22E641D500C924E5 /* PBXTargetDependency */,
			);
			name = ZenithUITests;
			productName = ZenithUITests;
			productReference = A311EEB822E641D500C924E5 /* ZenithUITests.xctest */;
			productType = "com.apple.product-type.bundle.ui-testing";
		};
/* End PBXNativeTarget section */

/* Begin PBXProject section */
		A311EE9122E641D300C924E5 /* Project object */ = {
			isa = PBXProject;
			attributes = {
				LastSwiftUpdateCheck = 1020;
				LastUpgradeCheck = 1020;
				ORGANIZATIONNAME = simba;
				TargetAttributes = {
					A311EE9822E641D300C924E5 = {
						CreatedOnToolsVersion = 10.2;
					};
					A311EEAC22E641D500C924E5 = {
						CreatedOnToolsVersion = 10.2;
						TestTargetID = A311EE9822E641D300C924E5;
					};
					A311EEB722E641D500C924E5 = {
						CreatedOnToolsVersion = 10.2;
						TestTargetID = A311EE9822E641D300C924E5;
					};
				};
			};
			buildConfigurationList = A311EE9422E641D300C924E5 /* Build configuration list for PBXProject "Zenith" */;
			compatibilityVersion = "Xcode 9.3";
			developmentRegion = en;
			hasScannedForEncodings = 0;
			knownRegions = (
				en,
				Base,
			);
			mainGroup = A311EE9022E641D300C924E5;
			productRefGroup = A311EE9A22E641D300C924E5 /* Products */;
			projectDirPath = "";
			projectRoot = "";
			targets = (
				A311EE9822E641D300C924E5 /* Zenith */,
				A311EEAC22E641D500C924E5 /* ZenithTests */,
				A311EEB722E641D500C924E5 /* ZenithUITests */,
			);
		};
/* End PBXProject section */

/* Begin PBXResourcesBuildPhase section */
		A311EE9722E641D300C924E5 /* Resources */ = {
			isa = PBXResourcesBuildPhase;
			buildActionMask = 2147483647;
			files = (
				A30E50A022EB189200540A56 /* schematics_prize_swipe_to_lock_story_480_sound.mp4 in Resources */,
				A30E50C622EB820400540A56 /* username.png in Resources */,
				A30E50CA22EB820400540A56 /* password.png in Resources */,
				A30E508F22EB189200540A56 /* schematics_prize_push_480_sound.mp4 in Resources */,
				A30E50AF22EB189200540A56 /* z_button_prize_swipe_to_instagram_480_sound.mp4 in Resources */,
				A30E509D22EB189200540A56 /* lock_schematics_prize_gaia_indiegogo_480_sound.mp4 in Resources */,
				A30E509722EB189200540A56 /* lock_instagram_prize_swipe_to_lock_schematics_480_sound.mp4 in Resources */,
				A30E50C422EB820400540A56 /* forgot_username.png in Resources */,
				A30E50A322EB189200540A56 /* z_button_prize_swipe_to_lock_instagram_480_sound.mp4 in Resources */,
				A30E509922EB189200540A56 /* twitter_prize_push_480_sound.mp4 in Resources */,
				A30E509422EB189200540A56 /* story_prize_push_480_sound.mp4 in Resources */,
				A30E509522EB189200540A56 /* story_prize_loop_480_sound.mp4 in Resources */,
				A30E509222EB189200540A56 /* schematics_prize_gaia_indiegogo_480_sound.mp4 in Resources */,
				A30E50C722EB820400540A56 /* register.png in Resources */,
				A30E509122EB189200540A56 /* story_prize_gaia_indiegogo_480_sound.mp4 in Resources */,
				A30E50AE22EB189200540A56 /* instagram_prize_push_480_sound.mp4 in Resources */,
				A30E50B422EB189200540A56 /* twitter_prize_loop_480_sound.mp4 in Resources */,
				A311EEA722E641D500C924E5 /* LaunchScreen.storyboard in Resources */,
				A30E509322EB189200540A56 /* lock_instagram_prize_gaia_indiegogo_480_sound.mp4 in Resources */,
				A30E50B022EB189200540A56 /* lock_story_prize_gaia_indiegogo_480_sound.mp4 in Resources */,
				A30E50A122EB189200540A56 /* lock_z_button_prize_swipe_to_lock_instagram_480_sound.mp4 in Resources */,
				A30E50C922EB820400540A56 /* email.png in Resources */,
				A30E508E22EB189200540A56 /* snapchat_prize_loop_480_sound.mp4 in Resources */,
				A30E50A222EB189200540A56 /* snapchat_prize_gaia_indiegogo_480_sound.mp4 in Resources */,
				A30E50AC22EB189200540A56 /* story_prize_swipe_to_twitter_480_sound.mp4 in Resources */,
				A30E50A922EB189200540A56 /* instagram_prize_swipe_to_lock_schematics_480_sound.mp4 in Resources */,
				A30E50B322EB189200540A56 /* z_button_prize_push_480_sound.mp4 in Resources */,
				A311EEA422E641D500C924E5 /* Assets.xcassets in Resources */,
				A311EEA222E641D300C924E5 /* Main.storyboard in Resources */,
				A30E50C522EB820400540A56 /* forgot_password.png in Resources */,
				A30E509F22EB189200540A56 /* lock_story_prize_swipe_to_twitter_480_sound.mp4 in Resources */,
				A30E509C22EB189200540A56 /* lock_schematics_prize_loop_480_sound.mp4 in Resources */,
				A30E50CB22EB820400540A56 /* noaccount.png in Resources */,
				A30E50A622EB189200540A56 /* schematics_prize_loop_480_sound.mp4 in Resources */,
				A30E509822EB189200540A56 /* lock_schematics_prize_swipe_to_lock_story_480_sound.mp4 in Resources */,
				A30E50A522EB189200540A56 /* lock_story_prize_loop_vo.mp4 in Resources */,
				A30E50AD22EB189200540A56 /* instagram_prize_gaia_indiegogo_480_sound.mp4 in Resources */,
				A30E50C822EB820400540A56 /* login.png in Resources */,
				A30E50AA22EB189200540A56 /* snapchat_prize_push_480_sound.mp4 in Resources */,
				A30E50A822EB189200540A56 /* instagram_prize_loop_480_sound.mp4 in Resources */,
				A30E50B722EB189200540A56 /* z_button_prize_gaia_indiegogo_480_sound.mp4 in Resources */,
				A30E509B22EB189200540A56 /* z_button_prize_loop_480_sound.mp4 in Resources */,
				A30E509A22EB189200540A56 /* twitter_prize_gaia_indiegogo_480_sound.mp4 in Resources */,
				A30E509E22EB189200540A56 /* videos.json in Resources */,
				A30E50AB22EB189200540A56 /* lock_z_button_prize_loop_480_sound.mp4 in Resources */,
				A30E50A722EB189200540A56 /* lock_z_button_prize_gaia_indiegogo_480.mp4 in Resources */,
				A30E50B622EB189200540A56 /* twitter_prize_swipe_to_snapchat_480_sound.mp4 in Resources */,
				A30E509622EB189200540A56 /* instagram_prize_swipe_to_schematics_480_sound.mp4 in Resources */,
				A30E509022EB189200540A56 /* lock_instagram_prize_loop_480_sound.mp4 in Resources */,
				A30E50B822EB189200540A56 /* title_login_480_sound.mp4 in Resources */,
				A30E50B222EB189200540A56 /* schematics_prize_swipe_to_story_480_sound.mp4 in Resources */,
				A30E50CD22EBA42300540A56 /* back.png in Resources */,
				A30E50A422EB189200540A56 /* after_login_video_to_twitter_prize_480_sound.mp4 in Resources */,
				A30E50B522EB189200540A56 /* snapchat_prize_swipe_to_z_button_480_sound.mp4 in Resources */,
				A30E50B122EB189200540A56 /* snapchat_prize_swipe_to_lock_z_button_480_sound.mp4 in Resources */,
			);
			runOnlyForDeploymentPostprocessing = 0;
		};
		A311EEAB22E641D500C924E5 /* Resources */ = {
			isa = PBXResourcesBuildPhase;
			buildActionMask = 2147483647;
			files = (
			);
			runOnlyForDeploymentPostprocessing = 0;
		};
		A311EEB622E641D500C924E5 /* Resources */ = {
			isa = PBXResourcesBuildPhase;
			buildActionMask = 2147483647;
			files = (
			);
			runOnlyForDeploymentPostprocessing = 0;
		};
/* End PBXResourcesBuildPhase section */

/* Begin PBXSourcesBuildPhase section */
		A311EE9522E641D300C924E5 /* Sources */ = {
			isa = PBXSourcesBuildPhase;
			buildActionMask = 2147483647;
			files = (
				A311EE9F22E641D300C924E5 /* AuthController.swift in Sources */,
				A311EECB22E64D8300C924E5 /* VideoController.swift in Sources */,
				A30E506022EB15B800540A56 /* VideoInfo.swift in Sources */,
				A311EE9D22E641D300C924E5 /* AppDelegate.swift in Sources */,
				A30E506222EB170000540A56 /* Define.swift in Sources */,
				A31194D222E863120096FF81 /* LinkInfo.swift in Sources */,
			);
			runOnlyForDeploymentPostprocessing = 0;
		};
		A311EEA922E641D500C924E5 /* Sources */ = {
			isa = PBXSourcesBuildPhase;
			buildActionMask = 2147483647;
			files = (
				A311EEB222E641D500C924E5 /* ZenithTests.swift in Sources */,
			);
			runOnlyForDeploymentPostprocessing = 0;
		};
		A311EEB422E641D500C924E5 /* Sources */ = {
			isa = PBXSourcesBuildPhase;
			buildActionMask = 2147483647;
			files = (
				A311EEBD22E641D500C924E5 /* ZenithUITests.swift in Sources */,
			);
			runOnlyForDeploymentPostprocessing = 0;
		};
/* End PBXSourcesBuildPhase section */

/* Begin PBXTargetDependency section */
		A311EEAF22E641D500C924E5 /* PBXTargetDependency */ = {
			isa = PBXTargetDependency;
			target = A311EE9822E641D300C924E5 /* Zenith */;
			targetProxy = A311EEAE22E641D500C924E5 /* PBXContainerItemProxy */;
		};
		A311EEBA22E641D500C924E5 /* PBXTargetDependency */ = {
			isa = PBXTargetDependency;
			target = A311EE9822E641D300C924E5 /* Zenith */;
			targetProxy = A311EEB922E641D500C924E5 /* PBXContainerItemProxy */;
		};
/* End PBXTargetDependency section */

/* Begin PBXVariantGroup section */
		A311EEA022E641D300C924E5 /* Main.storyboard */ = {
			isa = PBXVariantGroup;
			children = (
				A311EEA122E641D300C924E5 /* Base */,
			);
			name = Main.storyboard;
			sourceTree = "<group>";
		};
		A311EEA522E641D500C924E5 /* LaunchScreen.storyboard */ = {
			isa = PBXVariantGroup;
			children = (
				A311EEA622E641D500C924E5 /* Base */,
			);
			name = LaunchScreen.storyboard;
			sourceTree = "<group>";
		};
/* End PBXVariantGroup section */

/* Begin XCBuildConfiguration section */
		A311EEBF22E641D500C924E5 /* Debug */ = {
			isa = XCBuildConfiguration;
			buildSettings = {
				ALWAYS_SEARCH_USER_PATHS = NO;
				CLANG_ANALYZER_NONNULL = YES;
				CLANG_ANALYZER_NUMBER_OBJECT_CONVERSION = YES_AGGRESSIVE;
				CLANG_CXX_LANGUAGE_STANDARD = "gnu++14";
				CLANG_CXX_LIBRARY = "libc++";
				CLANG_ENABLE_MODULES = YES;
				CLANG_ENABLE_OBJC_ARC = YES;
				CLANG_ENABLE_OBJC_WEAK = YES;
				CLANG_WARN_BLOCK_CAPTURE_AUTORELEASING = YES;
				CLANG_WARN_BOOL_CONVERSION = YES;
				CLANG_WARN_COMMA = YES;
				CLANG_WARN_CONSTANT_CONVERSION = YES;
				CLANG_WARN_DEPRECATED_OBJC_IMPLEMENTATIONS = YES;
				CLANG_WARN_DIRECT_OBJC_ISA_USAGE = YES_ERROR;
				CLANG_WARN_DOCUMENTATION_COMMENTS = YES;
				CLANG_WARN_EMPTY_BODY = YES;
				CLANG_WARN_ENUM_CONVERSION = YES;
				CLANG_WARN_INFINITE_RECURSION = YES;
				CLANG_WARN_INT_CONVERSION = YES;
				CLANG_WARN_NON_LITERAL_NULL_CONVERSION = YES;
				CLANG_WARN_OBJC_IMPLICIT_RETAIN_SELF = YES;
				CLANG_WARN_OBJC_LITERAL_CONVERSION = YES;
				CLANG_WARN_OBJC_ROOT_CLASS = YES_ERROR;
				CLANG_WARN_RANGE_LOOP_ANALYSIS = YES;
				CLANG_WARN_STRICT_PROTOTYPES = YES;
				CLANG_WARN_SUSPICIOUS_MOVE = YES;
				CLANG_WARN_UNGUARDED_AVAILABILITY = YES_AGGRESSIVE;
				CLANG_WARN_UNREACHABLE_CODE = YES;
				CLANG_WARN__DUPLICATE_METHOD_MATCH = YES;
				CODE_SIGN_IDENTITY = "iPhone Developer";
				COPY_PHASE_STRIP = NO;
				DEBUG_INFORMATION_FORMAT = dwarf;
				ENABLE_STRICT_OBJC_MSGSEND = YES;
				ENABLE_TESTABILITY = YES;
				GCC_C_LANGUAGE_STANDARD = gnu11;
				GCC_DYNAMIC_NO_PIC = NO;
				GCC_NO_COMMON_BLOCKS = YES;
				GCC_OPTIMIZATION_LEVEL = 0;
				GCC_PREPROCESSOR_DEFINITIONS = (
					"DEBUG=1",
					"$(inherited)",
				);
				GCC_WARN_64_TO_32_BIT_CONVERSION = YES;
				GCC_WARN_ABOUT_RETURN_TYPE = YES_ERROR;
				GCC_WARN_UNDECLARED_SELECTOR = YES;
				GCC_WARN_UNINITIALIZED_AUTOS = YES_AGGRESSIVE;
				GCC_WARN_UNUSED_FUNCTION = YES;
				GCC_WARN_UNUSED_VARIABLE = YES;
				IPHONEOS_DEPLOYMENT_TARGET = 12.2;
				MTL_ENABLE_DEBUG_INFO = INCLUDE_SOURCE;
				MTL_FAST_MATH = YES;
				ONLY_ACTIVE_ARCH = YES;
				SDKROOT = iphoneos;
				SWIFT_ACTIVE_COMPILATION_CONDITIONS = DEBUG;
				SWIFT_OPTIMIZATION_LEVEL = "-Onone";
			};
			name = Debug;
		};
		A311EEC022E641D500C924E5 /* Release */ = {
			isa = XCBuildConfiguration;
			buildSettings = {
				ALWAYS_SEARCH_USER_PATHS = NO;
				CLANG_ANALYZER_NONNULL = YES;
				CLANG_ANALYZER_NUMBER_OBJECT_CONVERSION = YES_AGGRESSIVE;
				CLANG_CXX_LANGUAGE_STANDARD = "gnu++14";
				CLANG_CXX_LIBRARY = "libc++";
				CLANG_ENABLE_MODULES = YES;
				CLANG_ENABLE_OBJC_ARC = YES;
				CLANG_ENABLE_OBJC_WEAK = YES;
				CLANG_WARN_BLOCK_CAPTURE_AUTORELEASING = YES;
				CLANG_WARN_BOOL_CONVERSION = YES;
				CLANG_WARN_COMMA = YES;
				CLANG_WARN_CONSTANT_CONVERSION = YES;
				CLANG_WARN_DEPRECATED_OBJC_IMPLEMENTATIONS = YES;
				CLANG_WARN_DIRECT_OBJC_ISA_USAGE = YES_ERROR;
				CLANG_WARN_DOCUMENTATION_COMMENTS = YES;
				CLANG_WARN_EMPTY_BODY = YES;
				CLANG_WARN_ENUM_CONVERSION = YES;
				CLANG_WARN_INFINITE_RECURSION = YES;
				CLANG_WARN_INT_CONVERSION = YES;
				CLANG_WARN_NON_LITERAL_NULL_CONVERSION = YES;
				CLANG_WARN_OBJC_IMPLICIT_RETAIN_SELF = YES;
				CLANG_WARN_OBJC_LITERAL_CONVERSION = YES;
				CLANG_WARN_OBJC_ROOT_CLASS = YES_ERROR;
				CLANG_WARN_RANGE_LOOP_ANALYSIS = YES;
				CLANG_WARN_STRICT_PROTOTYPES = YES;
				CLANG_WARN_SUSPICIOUS_MOVE = YES;
				CLANG_WARN_UNGUARDED_AVAILABILITY = YES_AGGRESSIVE;
				CLANG_WARN_UNREACHABLE_CODE = YES;
				CLANG_WARN__DUPLICATE_METHOD_MATCH = YES;
				CODE_SIGN_IDENTITY = "iPhone Developer";
				COPY_PHASE_STRIP = NO;
				DEBUG_INFORMATION_FORMAT = "dwarf-with-dsym";
				ENABLE_NS_ASSERTIONS = NO;
				ENABLE_STRICT_OBJC_MSGSEND = YES;
				GCC_C_LANGUAGE_STANDARD = gnu11;
				GCC_NO_COMMON_BLOCKS = YES;
				GCC_WARN_64_TO_32_BIT_CONVERSION = YES;
				GCC_WARN_ABOUT_RETURN_TYPE = YES_ERROR;
				GCC_WARN_UNDECLARED_SELECTOR = YES;
				GCC_WARN_UNINITIALIZED_AUTOS = YES_AGGRESSIVE;
				GCC_WARN_UNUSED_FUNCTION = YES;
				GCC_WARN_UNUSED_VARIABLE = YES;
				IPHONEOS_DEPLOYMENT_TARGET = 12.2;
				MTL_ENABLE_DEBUG_INFO = NO;
				MTL_FAST_MATH = YES;
				SDKROOT = iphoneos;
				SWIFT_COMPILATION_MODE = wholemodule;
				SWIFT_OPTIMIZATION_LEVEL = "-O";
				VALIDATE_PRODUCT = YES;
			};
			name = Release;
		};
		A311EEC222E641D500C924E5 /* Debug */ = {
			isa = XCBuildConfiguration;
			buildSettings = {
				ASSETCATALOG_COMPILER_APPICON_NAME = AppIcon;
				CODE_SIGN_IDENTITY = "iPhone Developer";
				CODE_SIGN_STYLE = Automatic;
				DEVELOPMENT_TEAM = VK833R6453;
				INFOPLIST_FILE = Zenith/Info.plist;
				IPHONEOS_DEPLOYMENT_TARGET = 10.3;
				LD_RUNPATH_SEARCH_PATHS = (
					"$(inherited)",
					"@executable_path/Frameworks",
				);
				PRODUCT_BUNDLE_IDENTIFIER = com.storeyfilms.Zenith;
				PRODUCT_NAME = "$(TARGET_NAME)";
				PROVISIONING_PROFILE_SPECIFIER = "";
				SWIFT_VERSION = 5.0;
				TARGETED_DEVICE_FAMILY = "1,2";
			};
			name = Debug;
		};
		A311EEC322E641D500C924E5 /* Release */ = {
			isa = XCBuildConfiguration;
			buildSettings = {
				ASSETCATALOG_COMPILER_APPICON_NAME = AppIcon;
				CODE_SIGN_IDENTITY = "iPhone Developer";
				CODE_SIGN_STYLE = Automatic;
				DEVELOPMENT_TEAM = VK833R6453;
				INFOPLIST_FILE = Zenith/Info.plist;
				IPHONEOS_DEPLOYMENT_TARGET = 10.3;
				LD_RUNPATH_SEARCH_PATHS = (
					"$(inherited)",
					"@executable_path/Frameworks",
				);
				PRODUCT_BUNDLE_IDENTIFIER = com.storeyfilms.Zenith;
				PRODUCT_NAME = "$(TARGET_NAME)";
				PROVISIONING_PROFILE_SPECIFIER = "";
				SWIFT_VERSION = 5.0;
				TARGETED_DEVICE_FAMILY = "1,2";
			};
			name = Release;
		};
		A311EEC522E641D500C924E5 /* Debug */ = {
			isa = XCBuildConfiguration;
			buildSettings = {
				ALWAYS_EMBED_SWIFT_STANDARD_LIBRARIES = YES;
				BUNDLE_LOADER = "$(TEST_HOST)";
				CODE_SIGN_STYLE = Automatic;
				INFOPLIST_FILE = ZenithTests/Info.plist;
				LD_RUNPATH_SEARCH_PATHS = (
					"$(inherited)",
					"@executable_path/Frameworks",
					"@loader_path/Frameworks",
				);
				PRODUCT_BUNDLE_IDENTIFIER = com.storeyfilms.ZenithTests;
				PRODUCT_NAME = "$(TARGET_NAME)";
				SWIFT_VERSION = 5.0;
				TARGETED_DEVICE_FAMILY = "1,2";
				TEST_HOST = "$(BUILT_PRODUCTS_DIR)/Zenith.app/Zenith";
			};
			name = Debug;
		};
		A311EEC622E641D500C924E5 /* Release */ = {
			isa = XCBuildConfiguration;
			buildSettings = {
				ALWAYS_EMBED_SWIFT_STANDARD_LIBRARIES = YES;
				BUNDLE_LOADER = "$(TEST_HOST)";
				CODE_SIGN_STYLE = Automatic;
				INFOPLIST_FILE = ZenithTests/Info.plist;
				LD_RUNPATH_SEARCH_PATHS = (
					"$(inherited)",
					"@executable_path/Frameworks",
					"@loader_path/Frameworks",
				);
				PRODUCT_BUNDLE_IDENTIFIER = com.storeyfilms.ZenithTests;
				PRODUCT_NAME = "$(TARGET_NAME)";
				SWIFT_VERSION = 5.0;
				TARGETED_DEVICE_FAMILY = "1,2";
				TEST_HOST = "$(BUILT_PRODUCTS_DIR)/Zenith.app/Zenith";
			};
			name = Release;
		};
		A311EEC822E641D500C924E5 /* Debug */ = {
			isa = XCBuildConfiguration;
			buildSettings = {
				ALWAYS_EMBED_SWIFT_STANDARD_LIBRARIES = YES;
				CODE_SIGN_STYLE = Automatic;
				INFOPLIST_FILE = ZenithUITests/Info.plist;
				LD_RUNPATH_SEARCH_PATHS = (
					"$(inherited)",
					"@executable_path/Frameworks",
					"@loader_path/Frameworks",
				);
				PRODUCT_BUNDLE_IDENTIFIER = com.storeyfilms.ZenithUITests;
				PRODUCT_NAME = "$(TARGET_NAME)";
				SWIFT_VERSION = 5.0;
				TARGETED_DEVICE_FAMILY = "1,2";
				TEST_TARGET_NAME = Zenith;
			};
			name = Debug;
		};
		A311EEC922E641D500C924E5 /* Release */ = {
			isa = XCBuildConfiguration;
			buildSettings = {
				ALWAYS_EMBED_SWIFT_STANDARD_LIBRARIES = YES;
				CODE_SIGN_STYLE = Automatic;
				INFOPLIST_FILE = ZenithUITests/Info.plist;
				LD_RUNPATH_SEARCH_PATHS = (
					"$(inherited)",
					"@executable_path/Frameworks",
					"@loader_path/Frameworks",
				);
				PRODUCT_BUNDLE_IDENTIFIER = com.storeyfilms.ZenithUITests;
				PRODUCT_NAME = "$(TARGET_NAME)";
				SWIFT_VERSION = 5.0;
				TARGETED_DEVICE_FAMILY = "1,2";
				TEST_TARGET_NAME = Zenith;
			};
			name = Release;
		};
/* End XCBuildConfiguration section */

/* Begin XCConfigurationList section */
		A311EE9422E641D300C924E5 /* Build configuration list for PBXProject "Zenith" */ = {
			isa = XCConfigurationList;
			buildConfigurations = (
				A311EEBF22E641D500C924E5 /* Debug */,
				A311EEC022E641D500C924E5 /* Release */,
			);
			defaultConfigurationIsVisible = 0;
			defaultConfigurationName = Release;
		};
		A311EEC122E641D500C924E5 /* Build configuration list for PBXNativeTarget "Zenith" */ = {
			isa = XCConfigurationList;
			buildConfigurations = (
				A311EEC222E641D500C924E5 /* Debug */,
				A311EEC322E641D500C924E5 /* Release */,
			);
			defaultConfigurationIsVisible = 0;
			defaultConfigurationName = Release;
		};
		A311EEC422E641D500C924E5 /* Build configuration list for PBXNativeTarget "ZenithTests" */ = {
			isa = XCConfigurationList;
			buildConfigurations = (
				A311EEC522E641D500C924E5 /* Debug */,
				A311EEC622E641D500C924E5 /* Release */,
			);
			defaultConfigurationIsVisible = 0;
			defaultConfigurationName = Release;
		};
		A311EEC722E641D500C924E5 /* Build configuration list for PBXNativeTarget "ZenithUITests" */ = {
			isa = XCConfigurationList;
			buildConfigurations = (
				A311EEC822E641D500C924E5 /* Debug */,
				A311EEC922E641D500C924E5 /* Release */,
			);
			defaultConfigurationIsVisible = 0;
			defaultConfigurationName = Release;
		};
/* End XCConfigurationList section */
	};
	rootObject = A311EE9122E641D300C924E5 /* Project object */;
}
